
Microsoft Visual Studio Solution File, Format Version 12.00
# Visual Studio Version 17
VisualStudioVersion = 17.8.34330.188
MinimumVisualStudioVersion = 10.0.40219.1
Project("{FAE04EC0-301F-11D3-BF4B-00C04F79EFBC}") = "ChineseOction", "ChineseOction\ChineseOction.csproj", "{81725822-B02F-4E0D-8A5B-BA5860A2F03C}"
EndProject
Global
	GlobalSection(SolutionConfigurationPlatforms) = preSolution
		Debug|Any CPU = Debug|Any CPU
		Release|Any CPU = Release|Any CPU
	EndGlobalSection
	GlobalSection(ProjectConfigurationPlatforms) = postSolution
		{81725822-B02F-4E0D-8A5B-BA5860A2F03C}.Debug|Any CPU.ActiveCfg = Debug|Any CPU
		{81725822-B02F-4E0D-8A5B-BA5860A2F03C}.Debug|Any CPU.Build.0 = Debug|Any CPU
		{81725822-B02F-4E0D-8A5B-BA5860A2F03C}.Release|Any CPU.ActiveCfg = Release|Any CPU
		{81725822-B02F-4E0D-8A5B-BA5860A2F03C}.Release|Any CPU.Build.0 = Release|Any CPU
	EndGlobalSection
	GlobalSection(SolutionProperties) = preSolution
		HideSolutionNode = FALSE
	EndGlobalSection
	GlobalSection(ExtensibilityGlobals) = postSolution
		SolutionGuid = {804DCB34-D9CD-49D7-B177-0075C0B05C88}
	EndGlobalSection
EndGlobal
